// !$*UTF8*$!
{
	archiveVersion = 1;
	classes = {
	};
	objectVersion = 46;
	objects = {

/* Begin PBXBuildFile section */
		18D84F131A8BD59D00534F9E /* main.m in Sources */ = {isa = PBXBuildFile; fileRef = 18D84F121A8BD59D00534F9E /* main.m */; };
		18D84F161A8BD59D00534F9E /* AppDelegate.m in Sources */ = {isa = PBXBuildFile; fileRef = 18D84F151A8BD59D00534F9E /* AppDelegate.m */; };
		18D84F191A8BD59D00534F9E /* ViewController.m in Sources */ = {isa = PBXBuildFile; fileRef = 18D84F181A8BD59D00534F9E /* ViewController.m */; };
		18D84F1C1A8BD59D00534F9E /* Main.storyboard in Resources */ = {isa = PBXBuildFile; fileRef = 18D84F1A1A8BD59D00534F9E /* Main.storyboard */; };
		18D84F1E1A8BD59D00534F9E /* Images.xcassets in Resources */ = {isa = PBXBuildFile; fileRef = 18D84F1D1A8BD59D00534F9E /* Images.xcassets */; };
		18D84F211A8BD59D00534F9E /* LaunchScreen.xib in Resources */ = {isa = PBXBuildFile; fileRef = 18D84F1F1A8BD59D00534F9E /* LaunchScreen.xib */; };
		18D84F2D1A8BD59D00534F9E /* RibbitTests.m in Sources */ = {isa = PBXBuildFile; fileRef = 18D84F2C1A8BD59D00534F9E /* RibbitTests.m */; };
/* End PBXBuildFile section */

/* Begin PBXContainerItemProxy section */
		18D84F271A8BD59D00534F9E /* PBXContainerItemProxy */ = {
			isa = PBXContainerItemProxy;
			containerPortal = 18D84F051A8BD59C00534F9E /* Project object */;
			proxyType = 1;
			remoteGlobalIDString = 18D84F0C1A8BD59C00534F9E;
			remoteInfo = Ribbit;
		};
/* End PBXContainerItemProxy section */

/* Begin PBXFileReference section */
		18D84F0D1A8BD59D00534F9E /* Ribbit.app */ = {isa = PBXFileReference; explicitFileType = wrapper.application; includeInIndex = 0; path = Ribbit.app; sourceTree = BUILT_PRODUCTS_DIR; };
		18D84F111A8BD59D00534F9E /* Info.plist */ = {isa = PBXFileReference; lastKnownFileType = text.plist.xml; path = Info.plist; sourceTree = "<group>"; };
		18D84F121A8BD59D00534F9E /* main.m */ = {isa = PBXFileReference; lastKnownFileType = sourcecode.c.objc; path = main.m; sourceTree = "<group>"; };
		18D84F141A8BD59D00534F9E /* AppDelegate.h */ = {isa = PBXFileReference; lastKnownFileType = sourcecode.c.h; path = AppDelegate.h; sourceTree = "<group>"; };
		18D84F151A8BD59D00534F9E /* AppDelegate.m */ = {isa = PBXFileReference; lastKnownFileType = sourcecode.c.objc; path = AppDelegate.m; sourceTree = "<group>"; };
		18D84F171A8BD59D00534F9E /* ViewController.h */ = {isa = PBXFileReference; lastKnownFileType = sourcecode.c.h; path = ViewController.h; sourceTree = "<group>"; };
		18D84F181A8BD59D00534F9E /* ViewController.m */ = {isa = PBXFileReference; lastKnownFileType = sourcecode.c.objc; path = ViewController.m; sourceTree = "<group>"; };
		18D84F1B1A8BD59D00534F9E /* Base */ = {isa = PBXFileReference; lastKnownFileType = file.storyboard; name = Base; path = Base.lproj/Main.storyboard; sourceTree = "<group>"; };
		18D84F1D1A8BD59D00534F9E /* Images.xcassets */ = {isa = PBXFileReference; lastKnownFileType = folder.assetcatalog; path = Images.xcassets; sourceTree = "<group>"; };
		18D84F201A8BD59D00534F9E /* Base */ = {isa = PBXFileReference; lastKnownFileType = file.xib; name = Base; path = Base.lproj/LaunchScreen.xib; sourceTree = "<group>"; };
		18D84F261A8BD59D00534F9E /* RibbitTests.xctest */ = {isa = PBXFileReference; explicitFileType = wrapper.cfbundle; includeInIndex = 0; path = RibbitTests.xctest; sourceTree = BUILT_PRODUCTS_DIR; };
		18D84F2B1A8BD59D00534F9E /* Info.plist */ = {isa = PBXFileReference; lastKnownFileType = text.plist.xml; path = Info.plist; sourceTree = "<group>"; };
		18D84F2C1A8BD59D00534F9E /* RibbitTests.m */ = {isa = PBXFileReference; lastKnownFileType = sourcecode.c.objc; path = RibbitTests.m; sourceTree = "<group>"; };
/* End PBXFileReference section */

/* Begin PBXFrameworksBuildPhase section */
		18D84F0A1A8BD59C00534F9E /* Frameworks */ = {
			isa = PBXFrameworksBuildPhase;
			buildActionMask = 2147483647;
			files = (
			);
			runOnlyForDeploymentPostprocessing = 0;
		};
		18D84F231A8BD59D00534F9E /* Frameworks */ = {
			isa = PBXFrameworksBuildPhase;
			buildActionMask = 2147483647;
			files = (
			);
			runOnlyForDeploymentPostprocessing = 0;
		};
/* End PBXFrameworksBuildPhase section */

/* Begin PBXGroup section */
		18D84F041A8BD59C00534F9E = {
			isa = PBXGroup;
			children = (
				18D84F0F1A8BD59D00534F9E /* Ribbit */,
				18D84F291A8BD59D00534F9E /* RibbitTests */,
				18D84F0E1A8BD59D00534F9E /* Products */,
			);
			sourceTree = "<group>";
		};
		18D84F0E1A8BD59D00534F9E /* Products */ = {
			isa = PBXGroup;
			children = (
				18D84F0D1A8BD59D00534F9E /* Ribbit.app */,
				18D84F261A8BD59D00534F9E /* RibbitTests.xctest */,
			);
			name = Products;
			sourceTree = "<group>";
		};
		18D84F0F1A8BD59D00534F9E /* Ribbit */ = {
			isa = PBXGroup;
			children = (
				18D84F141A8BD59D00534F9E /* AppDelegate.h */,
				18D84F151A8BD59D00534F9E /* AppDelegate.m */,
				18D84F171A8BD59D00534F9E /* ViewController.h */,
				18D84F181A8BD59D00534F9E /* ViewController.m */,
				18D84F1A1A8BD59D00534F9E /* Main.storyboard */,
				18D84F1D1A8BD59D00534F9E /* Images.xcassets */,
				18D84F1F1A8BD59D00534F9E /* LaunchScreen.xib */,
				18D84F101A8BD59D00534F9E /* Supporting Files */,
			);
			path = Ribbit;
			sourceTree = "<group>";
		};
		18D84F101A8BD59D00534F9E /* Supporting Files */ = {
			isa = PBXGroup;
			children = (
				18D84F111A8BD59D00534F9E /* Info.plist */,
				18D84F121A8BD59D00534F9E /* main.m */,
			);
			name = "Supporting Files";
			sourceTree = "<group>";
		};
		18D84F291A8BD59D00534F9E /* RibbitTests */ = {
			isa = PBXGroup;
			children = (
				18D84F2C1A8BD59D00534F9E /* RibbitTests.m */,
				18D84F2A1A8BD59D00534F9E /* Supporting Files */,
			);
			path = RibbitTests;
			sourceTree = "<group>";
		};
		18D84F2A1A8BD59D00534F9E /* Supporting Files */ = {
			isa = PBXGroup;
			children = (
				18D84F2B1A8BD59D00534F9E /* Info.plist */,
			);
			name = "Supporting Files";
			sourceTree = "<group>";
		};
/* End PBXGroup section */

/* Begin PBXNativeTarget section */
		18D84F0C1A8BD59C00534F9E /* Ribbit */ = {
			isa = PBXNativeTarget;
			buildConfigurationList = 18D84F301A8BD59D00534F9E /* Build configuration list for PBXNativeTarget "Ribbit" */;
			buildPhases = (
				18D84F091A8BD59C00534F9E /* Sources */,
				18D84F0A1A8BD59C00534F9E /* Frameworks */,
				18D84F0B1A8BD59C00534F9E /* Resources */,
			);
			buildRules = (
			);
			dependencies = (
			);
			name = Ribbit;
			productName = Ribbit;
			productReference = 18D84F0D1A8BD59D00534F9E /* Ribbit.app */;
			productType = "com.apple.product-type.application";
		};
		18D84F251A8BD59D00534F9E /* RibbitTests */ = {
			isa = PBXNativeTarget;
			buildConfigurationList = 18D84F331A8BD59D00534F9E /* Build configuration list for PBXNativeTarget "RibbitTests" */;
			buildPhases = (
				18D84F221A8BD59D00534F9E /* Sources */,
				18D84F231A8BD59D00534F9E /* Frameworks */,
				18D84F241A8BD59D00534F9E /* Resources */,
			);
			buildRules = (
			);
			dependencies = (
				18D84F281A8BD59D00534F9E /* PBXTargetDependency */,
			);
			name = RibbitTests;
			productName = RibbitTests;
			productReference = 18D84F261A8BD59D00534F9E /* RibbitTests.xctest */;
			productType = "com.apple.product-type.bundle.unit-test";
		};
/* End PBXNativeTarget section */

/* Begin PBXProject section */
		18D84F051A8BD59C00534F9E /* Project object */ = {
			isa = PBXProject;
			attributes = {
				LastUpgradeCheck = 0610;
				ORGANIZATIONNAME = "Sherrie Jones";
				TargetAttributes = {
					18D84F0C1A8BD59C00534F9E = {
						CreatedOnToolsVersion = 6.1.1;
					};
					18D84F251A8BD59D00534F9E = {
						CreatedOnToolsVersion = 6.1.1;
						TestTargetID = 18D84F0C1A8BD59C00534F9E;
					};
				};
			};
			buildConfigurationList = 18D84F081A8BD59C00534F9E /* Build configuration list for PBXProject "Ribbit" */;
			compatibilityVersion = "Xcode 3.2";
			developmentRegion = English;
			hasScannedForEncodings = 0;
			knownRegions = (
				en,
				Base,
			);
			mainGroup = 18D84F041A8BD59C00534F9E;
			productRefGroup = 18D84F0E1A8BD59D00534F9E /* Products */;
			projectDirPath = "";
			projectRoot = "";
			targets = (
				18D84F0C1A8BD59C00534F9E /* Ribbit */,
				18D84F251A8BD59D00534F9E /* RibbitTests */,
			);
		};
/* End PBXProject section */

/* Begin PBXResourcesBuildPhase section */
		18D84F0B1A8BD59C00534F9E /* Resources */ = {
			isa = PBXResourcesBuildPhase;
			buildActionMask = 2147483647;
			files = (
				18D84F1C1A8BD59D00534F9E /* Main.storyboard in Resources */,
				18D84F211A8BD59D00534F9E /* LaunchScreen.xib in Resources */,
				18D84F1E1A8BD59D00534F9E /* Images.xcassets in Resources */,
			);
			runOnlyForDeploymentPostprocessing = 0;
		};
		18D84F241A8BD59D00534F9E /* Resources */ = {
			isa = PBXResourcesBuildPhase;
			buildActionMask = 2147483647;
			files = (
			);
			runOnlyForDeploymentPostprocessing = 0;
		};
/* End PBXResourcesBuildPhase section */

/* Begin PBXSourcesBuildPhase section */
		18D84F091A8BD59C00534F9E /* Sources */ = {
			isa = PBXSourcesBuildPhase;
			buildActionMask = 2147483647;
			files = (
				18D84F191A8BD59D00534F9E /* ViewController.m in Sources */,
				18D84F161A8BD59D00534F9E /* AppDelegate.m in Sources */,
				18D84F131A8BD59D00534F9E /* main.m in Sources */,
			);
			runOnlyForDeploymentPostprocessing = 0;
		};
		18D84F221A8BD59D00534F9E /* Sources */ = {
			isa = PBXSourcesBuildPhase;
			buildActionMask = 2147483647;
			files = (
				18D84F2D1A8BD59D00534F9E /* RibbitTests.m in Sources */,
			);
			runOnlyForDeploymentPostprocessing = 0;
		};
/* End PBXSourcesBuildPhase section */

/* Begin PBXTargetDependency section */
		18D84F281A8BD59D00534F9E /* PBXTargetDependency */ = {
			isa = PBXTargetDependency;
			target = 18D84F0C1A8BD59C00534F9E /* Ribbit */;
			targetProxy = 18D84F271A8BD59D00534F9E /* PBXContainerItemProxy */;
		};
/* End PBXTargetDependency section */

/* Begin PBXVariantGroup section */
		18D84F1A1A8BD59D00534F9E /* Main.storyboard */ = {
			isa = PBXVariantGroup;
			children = (
				18D84F1B1A8BD59D00534F9E /* Base */,
			);
			name = Main.storyboard;
			sourceTree = "<group>";
		};
		18D84F1F1A8BD59D00534F9E /* LaunchScreen.xib */ = {
			isa = PBXVariantGroup;
			children = (
				18D84F201A8BD59D00534F9E /* Base */,
			);
			name = LaunchScreen.xib;
			sourceTree = "<group>";
		};
/* End PBXVariantGroup section */

/* Begin XCBuildConfiguration section */
		18D84F2E1A8BD59D00534F9E /* Debug */ = {
			isa = XCBuildConfiguration;
			buildSettings = {
				ALWAYS_SEARCH_USER_PATHS = NO;
				CLANG_CXX_LANGUAGE_STANDARD = "gnu++0x";
				CLANG_CXX_LIBRARY = "libc++";
				CLANG_ENABLE_MODULES = YES;
				CLANG_ENABLE_OBJC_ARC = YES;
				CLANG_WARN_BOOL_CONVERSION = YES;
				CLANG_WARN_CONSTANT_CONVERSION = YES;
				CLANG_WARN_DIRECT_OBJC_ISA_USAGE = YES_ERROR;
				CLANG_WARN_EMPTY_BODY = YES;
				CLANG_WARN_ENUM_CONVERSION = YES;
				CLANG_WARN_INT_CONVERSION = YES;
				CLANG_WARN_OBJC_ROOT_CLASS = YES_ERROR;
				CLANG_WARN_UNREACHABLE_CODE = YES;
				CLANG_WARN__DUPLICATE_METHOD_MATCH = YES;
				"CODE_SIGN_IDENTITY[sdk=iphoneos*]" = "iPhone Developer";
				COPY_PHASE_STRIP = NO;
				ENABLE_STRICT_OBJC_MSGSEND = YES;
				GCC_C_LANGUAGE_STANDARD = gnu99;
				GCC_DYNAMIC_NO_PIC = NO;
				GCC_OPTIMIZATION_LEVEL = 0;
				GCC_PREPROCESSOR_DEFINITIONS = (
					"DEBUG=1",
					"$(inherited)",
				);
				GCC_SYMBOLS_PRIVATE_EXTERN = NO;
				GCC_WARN_64_TO_32_BIT_CONVERSION = YES;
				GCC_WARN_ABOUT_RETURN_TYPE = YES_ERROR;
				GCC_WARN_UNDECLARED_SELECTOR = YES;
				GCC_WARN_UNINITIALIZED_AUTOS = YES_AGGRESSIVE;
				GCC_WARN_UNUSED_FUNCTION = YES;
				GCC_WARN_UNUSED_VARIABLE = YES;
				IPHONEOS_DEPLOYMENT_TARGET = 8.1;
				MTL_ENABLE_DEBUG_INFO = YES;
				ONLY_ACTIVE_ARCH = YES;
				SDKROOT = iphoneos;
			};
			name = Debug;
		};
		18D84F2F1A8BD59D00534F9E /* Release */ = {
			isa = XCBuildConfiguration;
			buildSettings = {
				ALWAYS_SEARCH_USER_PATHS = NO;
				CLANG_CXX_LANGUAGE_STANDARD = "gnu++0x";
				CLANG_CXX_LIBRARY = "libc++";
				CLANG_ENABLE_MODULES = YES;
				CLANG_ENABLE_OBJC_ARC = YES;
				CLANG_WARN_BOOL_CONVERSION = YES;
				CLANG_WARN_CONSTANT_CONVERSION = YES;
				CLANG_WARN_DIRECT_OBJC_ISA_USAGE = YES_ERROR;
				CLANG_WARN_EMPTY_BODY = YES;
				CLANG_WARN_ENUM_CONVERSION = YES;
				CLANG_WARN_INT_CONVERSION = YES;
				CLANG_WARN_OBJC_ROOT_CLASS = YES_ERROR;
				CLANG_WARN_UNREACHABLE_CODE = YES;
				CLANG_WARN__DUPLICATE_METHOD_MATCH = YES;
				"CODE_SIGN_IDENTITY[sdk=iphoneos*]" = "iPhone Developer";
				COPY_PHASE_STRIP = YES;
				ENABLE_NS_ASSERTIONS = NO;
				ENABLE_STRICT_OBJC_MSGSEND = YES;
				GCC_C_LANGUAGE_STANDARD = gnu99;
				GCC_WARN_64_TO_32_BIT_CONVERSION = YES;
				GCC_WARN_ABOUT_RETURN_TYPE = YES_ERROR;
				GCC_WARN_UNDECLARED_SELECTOR = YES;
				GCC_WARN_UNINITIALIZED_AUTOS = YES_AGGRESSIVE;
				GCC_WARN_UNUSED_FUNCTION = YES;
				GCC_WARN_UNUSED_VARIABLE = YES;
				IPHONEOS_DEPLOYMENT_TARGET = 8.1;
				MTL_ENABLE_DEBUG_INFO = NO;
				SDKROOT = iphoneos;
				VALIDATE_PRODUCT = YES;
			};
			name = Release;
		};
		18D84F311A8BD59D00534F9E /* Debug */ = {
			isa = XCBuildConfiguration;
			buildSettings = {
				ASSETCATALOG_COMPILER_APPICON_NAME = AppIcon;
				INFOPLIST_FILE = Ribbit/Info.plist;
				LD_RUNPATH_SEARCH_PATHS = "$(inherited) @executable_path/Frameworks";
				PRODUCT_NAME = "$(TARGET_NAME)";
			};
			name = Debug;
		};
		18D84F321A8BD59D00534F9E /* Release */ = {
			isa = XCBuildConfiguration;
			buildSettings = {
				ASSETCATALOG_COMPILER_APPICON_NAME = AppIcon;
				INFOPLIST_FILE = Ribbit/Info.plist;
				LD_RUNPATH_SEARCH_PATHS = "$(inherited) @executable_path/Frameworks";
				PRODUCT_NAME = "$(TARGET_NAME)";
			};
			name = Release;
		};
		18D84F341A8BD59D00534F9E /* Debug */ = {
			isa = XCBuildConfiguration;
			buildSettings = {
				BUNDLE_LOADER = "$(TEST_HOST)";
				FRAMEWORK_SEARCH_PATHS = (
					"$(SDKROOT)/Developer/Library/Frameworks",
					"$(inherited)",
				);
				GCC_PREPROCESSOR_DEFINITIONS = (
					"DEBUG=1",
					"$(inherited)",
				);
				INFOPLIST_FILE = RibbitTests/Info.plist;
				LD_RUNPATH_SEARCH_PATHS = "$(inherited) @executable_path/Frameworks @loader_path/Frameworks";
				PRODUCT_NAME = "$(TARGET_NAME)";
				TEST_HOST = "$(BUILT_PRODUCTS_DIR)/Ribbit.app/Ribbit";
			};
			name = Debug;
		};
		18D84F351A8BD59D00534F9E /* Release */ = {
			isa = XCBuildConfiguration;
			buildSettings = {
				BUNDLE_LOADER = "$(TEST_HOST)";
				FRAMEWORK_SEARCH_PATHS = (
					"$(SDKROOT)/Developer/Library/Frameworks",
					"$(inherited)",
				);
				INFOPLIST_FILE = RibbitTests/Info.plist;
				LD_RUNPATH_SEARCH_PATHS = "$(inherited) @executable_path/Frameworks @loader_path/Frameworks";
				PRODUCT_NAME = "$(TARGET_NAME)";
				TEST_HOST = "$(BUILT_PRODUCTS_DIR)/Ribbit.app/Ribbit";
			};
			name = Release;
		};
/* End XCBuildConfiguration section */

/* Begin XCConfigurationList section */
		18D84F081A8BD59C00534F9E /* Build configuration list for PBXProject "Ribbit" */ = {
			isa = XCConfigurationList;
			buildConfigurations = (
				18D84F2E1A8BD59D00534F9E /* Debug */,
				18D84F2F1A8BD59D00534F9E /* Release */,
			);
			defaultConfigurationIsVisible = 0;
			defaultConfigurationName = Release;
		};
		18D84F301A8BD59D00534F9E /* Build configuration list for PBXNativeTarget "Ribbit" */ = {
			isa = XCConfigurationList;
			buildConfigurations = (
				18D84F311A8BD59D00534F9E /* Debug */,
				18D84F321A8BD59D00534F9E /* Release */,
			);
			defaultConfigurationIsVisible = 0;
		};
		18D84F331A8BD59D00534F9E /* Build configuration list for PBXNativeTarget "RibbitTests" */ = {
			isa = XCConfigurationList;
			buildConfigurations = (
				18D84F341A8BD59D00534F9E /* Debug */,
				18D84F351A8BD59D00534F9E /* Release */,
			);
			defaultConfigurationIsVisible = 0;
		};
/* End XCConfigurationList section */
	};
	rootObject = 18D84F051A8BD59C00534F9E /* Project object */;
}
